<?xml version="1.0" encoding="utf-8"?>
<Project ToolsVersion="4.0" xmlns="http://schemas.microsoft.com/developer/msbuild/2003">
  <ItemGroup>
    <Filter Include="Source Files">
      <UniqueIdentifier>{99bb975f-e978-43b5-8b5a-97a6e7b85886}</UniqueIdentifier>
      <Extensions>cpp;c;cxx;rc;def;r;odl;idl;hpj;bat</Extensions>
    </Filter>
    <Filter Include="Header Files">
      <UniqueIdentifier>{cb65a91d-8c57-4dcc-98c5-870758776655}</UniqueIdentifier>
      <Extensions>h;hpp;hxx;hm;inl</Extensions>
    </Filter>
    <Filter Include="Resource Files">
      <UniqueIdentifier>{6e55e687-d924-4da2-b178-02a09dbf23bb}</UniqueIdentifier>
      <Extensions>ico;cur;bmp;dlg;rc2;rct;bin;rgs;gif;jpg;jpeg;jpe</Extensions>
    </Filter>
    <Filter Include="Source Files\DomEventHelper">
      <UniqueIdentifier>{6b13d12d-cb79-4c20-9bb1-ff7b30a0fa00}</UniqueIdentifier>
    </Filter>
  </ItemGroup>
  <ItemGroup>
    <ClCompile Include="InputFieldBHO.cpp">
      <Filter>Source Files</Filter>
    </ClCompile>
    <ClCompile Include="InputFieldBHO2.cpp">
      <Filter>Source Files</Filter>
    </ClCompile>
    <ClCompile Include="StdAfx.cpp">
      <Filter>Source Files</Filter>
    </ClCompile>
    <ClCompile Include="InputFieldDlg.cpp">
      <Filter>Source Files</Filter>
    </ClCompile>
    <ClCompile Include="EventObject.cpp">
      <Filter>Source Files\DomEventHelper</Filter>
    </ClCompile>
    <ClCompile Include="EventObjectList.cpp">
      <Filter>Source Files\DomEventHelper</Filter>
    </ClCompile>
  </ItemGroup>
  <ItemGroup>
    <None Include="InputFieldBHO.def">
      <Filter>Source Files</Filter>
    </None>
    <None Include="InputFieldBHO2.rgs">
      <Filter>Resource Files</Filter>
    </None>
  </ItemGroup>
  <ItemGroup>
    <Midl Include="InputFieldBHO.idl">
      <Filter>Source Files</Filter>
    </Midl>
  </ItemGroup>
  <ItemGroup>
    <ResourceCompile Include="InputFieldBHO.rc">
      <Filter>Source Files</Filter>
    </ResourceCompile>
  </ItemGroup>
  <ItemGroup>
    <ClInclude Include="InputFieldBHO.h">
      <Filter>Header Files</Filter>
    </ClInclude>
    <ClInclude Include="InputFieldBHO2.h">
      <Filter>Header Files</Filter>
    </ClInclude>
    <ClInclude Include="Resource.h">
      <Filter>Header Files</Filter>
    </ClInclude>
    <ClInclude Include="StdAfx.h">
      <Filter>Header Files</Filter>
    </ClInclude>
    <ClInclude Include="InputFieldDlg.h">
      <Filter>Header Files</Filter>
    </ClInclude>
    <ClInclude Include="EventObject.h">
      <Filter>Source Files\DomEventHelper</Filter>
    </ClInclude>
    <ClInclude Include="EventObjectList.h">
      <Filter>Source Files\DomEventHelper</Filter>
    </ClInclude>
    <ClInclude Include="FunctionObject.h">
      <Filter>Source Files\DomEventHelper</Filter>
    </ClInclude>
  </ItemGroup>
</Project>